// !$*UTF8*$!
{
	archiveVersion = 1;
	classes = {
	};
	objectVersion = 46;
	objects = {

/* Begin PBXBuildFile section */
		DC7297A91CA8ED7300EEE312 /* main.m in Sources */ = {isa = PBXBuildFile; fileRef = DC7297A81CA8ED7300EEE312 /* main.m */; };
		DC7297AC1CA8ED7300EEE312 /* AppDelegate.m in Sources */ = {isa = PBXBuildFile; fileRef = DC7297AB1CA8ED7300EEE312 /* AppDelegate.m */; };
		DC7297AF1CA8ED7300EEE312 /* ViewController.m in Sources */ = {isa = PBXBuildFile; fileRef = DC7297AE1CA8ED7300EEE312 /* ViewController.m */; };
		DC7297B21CA8ED7300EEE312 /* Main.storyboard in Resources */ = {isa = PBXBuildFile; fileRef = DC7297B01CA8ED7300EEE312 /* Main.storyboard */; };
		DC7297B41CA8ED7300EEE312 /* Assets.xcassets in Resources */ = {isa = PBXBuildFile; fileRef = DC7297B31CA8ED7300EEE312 /* Assets.xcassets */; };
		DC7297B71CA8ED7300EEE312 /* LaunchScreen.storyboard in Resources */ = {isa = PBXBuildFile; fileRef = DC7297B51CA8ED7300EEE312 /* LaunchScreen.storyboard */; };
		DC7297C41CA8EEAC00EEE312 /* pokemon.csv in Resources */ = {isa = PBXBuildFile; fileRef = DC7297C31CA8EEAC00EEE312 /* pokemon.csv */; };
		DC7297C71CA8EF0400EEE312 /* music.mp3 in Resources */ = {isa = PBXBuildFile; fileRef = DC7297C51CA8EF0400EEE312 /* music.mp3 */; };
		DC7297C81CA8EF0400EEE312 /* pokemon.ttf in Resources */ = {isa = PBXBuildFile; fileRef = DC7297C61CA8EF0400EEE312 /* pokemon.ttf */; };
		DC7297CB1CA8EF6200EEE312 /* Pokemon.m in Sources */ = {isa = PBXBuildFile; fileRef = DC7297CA1CA8EF6200EEE312 /* Pokemon.m */; };
		DC7297CE1CA8F6F200EEE312 /* PokeCell.m in Sources */ = {isa = PBXBuildFile; fileRef = DC7297CD1CA8F6F200EEE312 /* PokeCell.m */; };
		DC7297D41CA9038C00EEE312 /* CSV.m in Sources */ = {isa = PBXBuildFile; fileRef = DC7297D31CA9038C00EEE312 /* CSV.m */; };
		DC7297DA1CA9451B00EEE312 /* NSArray.m in Sources */ = {isa = PBXBuildFile; fileRef = DC7297D91CA9451B00EEE312 /* NSArray.m */; };
		DC7297DC1CA94DF500EEE312 /* AVFoundation.framework in Frameworks */ = {isa = PBXBuildFile; fileRef = DC7297DB1CA94DF500EEE312 /* AVFoundation.framework */; };
/* End PBXBuildFile section */

/* Begin PBXFileReference section */
		DC7297A41CA8ED7300EEE312 /* ios-objC-pokedex.app */ = {isa = PBXFileReference; explicitFileType = wrapper.application; includeInIndex = 0; path = "ios-objC-pokedex.app"; sourceTree = BUILT_PRODUCTS_DIR; };
		DC7297A81CA8ED7300EEE312 /* main.m */ = {isa = PBXFileReference; lastKnownFileType = sourcecode.c.objc; path = main.m; sourceTree = "<group>"; };
		DC7297AA1CA8ED7300EEE312 /* AppDelegate.h */ = {isa = PBXFileReference; lastKnownFileType = sourcecode.c.h; path = AppDelegate.h; sourceTree = "<group>"; };
		DC7297AB1CA8ED7300EEE312 /* AppDelegate.m */ = {isa = PBXFileReference; lastKnownFileType = sourcecode.c.objc; path = AppDelegate.m; sourceTree = "<group>"; };
		DC7297AD1CA8ED7300EEE312 /* ViewController.h */ = {isa = PBXFileReference; lastKnownFileType = sourcecode.c.h; path = ViewController.h; sourceTree = "<group>"; };
		DC7297AE1CA8ED7300EEE312 /* ViewController.m */ = {isa = PBXFileReference; lastKnownFileType = sourcecode.c.objc; path = ViewController.m; sourceTree = "<group>"; };
		DC7297B11CA8ED7300EEE312 /* Base */ = {isa = PBXFileReference; lastKnownFileType = file.storyboard; name = Base; path = Base.lproj/Main.storyboard; sourceTree = "<group>"; };
		DC7297B31CA8ED7300EEE312 /* Assets.xcassets */ = {isa = PBXFileReference; lastKnownFileType = folder.assetcatalog; path = Assets.xcassets; sourceTree = "<group>"; };
		DC7297B61CA8ED7300EEE312 /* Base */ = {isa = PBXFileReference; lastKnownFileType = file.storyboard; name = Base; path = Base.lproj/LaunchScreen.storyboard; sourceTree = "<group>"; };
		DC7297B81CA8ED7300EEE312 /* Info.plist */ = {isa = PBXFileReference; lastKnownFileType = text.plist.xml; path = Info.plist; sourceTree = "<group>"; };
		DC7297C31CA8EEAC00EEE312 /* pokemon.csv */ = {isa = PBXFileReference; fileEncoding = 4; lastKnownFileType = text; path = pokemon.csv; sourceTree = "<group>"; };
		DC7297C51CA8EF0400EEE312 /* music.mp3 */ = {isa = PBXFileReference; lastKnownFileType = audio.mp3; path = music.mp3; sourceTree = "<group>"; };
		DC7297C61CA8EF0400EEE312 /* pokemon.ttf */ = {isa = PBXFileReference; lastKnownFileType = file; path = pokemon.ttf; sourceTree = "<group>"; };
		DC7297C91CA8EF6200EEE312 /* Pokemon.h */ = {isa = PBXFileReference; fileEncoding = 4; lastKnownFileType = sourcecode.c.h; path = Pokemon.h; sourceTree = "<group>"; };
		DC7297CA1CA8EF6200EEE312 /* Pokemon.m */ = {isa = PBXFileReference; fileEncoding = 4; lastKnownFileType = sourcecode.c.objc; path = Pokemon.m; sourceTree = "<group>"; };
		DC7297CC1CA8F6F200EEE312 /* PokeCell.h */ = {isa = PBXFileReference; fileEncoding = 4; lastKnownFileType = sourcecode.c.h; path = PokeCell.h; sourceTree = "<group>"; };
		DC7297CD1CA8F6F200EEE312 /* PokeCell.m */ = {isa = PBXFileReference; fileEncoding = 4; lastKnownFileType = sourcecode.c.objc; path = PokeCell.m; sourceTree = "<group>"; };
		DC7297D21CA9038C00EEE312 /* CSV.h */ = {isa = PBXFileReference; fileEncoding = 4; lastKnownFileType = sourcecode.c.h; path = CSV.h; sourceTree = "<group>"; };
		DC7297D31CA9038C00EEE312 /* CSV.m */ = {isa = PBXFileReference; fileEncoding = 4; lastKnownFileType = sourcecode.c.objc; path = CSV.m; sourceTree = "<group>"; };
		DC7297D81CA9451B00EEE312 /* NSArray.h */ = {isa = PBXFileReference; fileEncoding = 4; lastKnownFileType = sourcecode.c.h; path = NSArray.h; sourceTree = "<group>"; };
		DC7297D91CA9451B00EEE312 /* NSArray.m */ = {isa = PBXFileReference; fileEncoding = 4; lastKnownFileType = sourcecode.c.objc; path = NSArray.m; sourceTree = "<group>"; };
		DC7297DB1CA94DF500EEE312 /* AVFoundation.framework */ = {isa = PBXFileReference; lastKnownFileType = wrapper.framework; name = AVFoundation.framework; path = System/Library/Frameworks/AVFoundation.framework; sourceTree = SDKROOT; };
/* End PBXFileReference section */

/* Begin PBXFrameworksBuildPhase section */
		DC7297A11CA8ED7300EEE312 /* Frameworks */ = {
			isa = PBXFrameworksBuildPhase;
			buildActionMask = 2147483647;
			files = (
				DC7297DC1CA94DF500EEE312 /* AVFoundation.framework in Frameworks */,
			);
			runOnlyForDeploymentPostprocessing = 0;
		};
/* End PBXFrameworksBuildPhase section */

/* Begin PBXGroup section */
		DC72979B1CA8ED7300EEE312 = {
			isa = PBXGroup;
			children = (
				DC7297DB1CA94DF500EEE312 /* AVFoundation.framework */,
				DC7297A61CA8ED7300EEE312 /* ios-objC-pokedex */,
				DC7297A51CA8ED7300EEE312 /* Products */,
			);
			sourceTree = "<group>";
		};
		DC7297A51CA8ED7300EEE312 /* Products */ = {
			isa = PBXGroup;
			children = (
				DC7297A41CA8ED7300EEE312 /* ios-objC-pokedex.app */,
			);
			name = Products;
			sourceTree = "<group>";
		};
		DC7297A61CA8ED7300EEE312 /* ios-objC-pokedex */ = {
			isa = PBXGroup;
			children = (
				DC7297BE1CA8ED7C00EEE312 /* Models */,
				DC7297BF1CA8ED8200EEE312 /* Views */,
				DC7297C01CA8ED8800EEE312 /* Controllers */,
				DC7297C21CA8EE9700EEE312 /* Resources */,
				DC7297C11CA8ED9300EEE312 /* Utils */,
				DC7297AA1CA8ED7300EEE312 /* AppDelegate.h */,
				DC7297AB1CA8ED7300EEE312 /* AppDelegate.m */,
				DC7297B01CA8ED7300EEE312 /* Main.storyboard */,
				DC7297B31CA8ED7300EEE312 /* Assets.xcassets */,
				DC7297B51CA8ED7300EEE312 /* LaunchScreen.storyboard */,
				DC7297B81CA8ED7300EEE312 /* Info.plist */,
				DC7297A71CA8ED7300EEE312 /* Supporting Files */,
			);
			path = "ios-objC-pokedex";
			sourceTree = "<group>";
		};
		DC7297A71CA8ED7300EEE312 /* Supporting Files */ = {
			isa = PBXGroup;
			children = (
				DC7297A81CA8ED7300EEE312 /* main.m */,
			);
			name = "Supporting Files";
			sourceTree = "<group>";
		};
		DC7297BE1CA8ED7C00EEE312 /* Models */ = {
			isa = PBXGroup;
			children = (
				DC7297C91CA8EF6200EEE312 /* Pokemon.h */,
				DC7297CA1CA8EF6200EEE312 /* Pokemon.m */,
			);
			name = Models;
			sourceTree = "<group>";
		};
		DC7297BF1CA8ED8200EEE312 /* Views */ = {
			isa = PBXGroup;
			children = (
				DC7297CC1CA8F6F200EEE312 /* PokeCell.h */,
				DC7297CD1CA8F6F200EEE312 /* PokeCell.m */,
			);
			name = Views;
			sourceTree = "<group>";
		};
		DC7297C01CA8ED8800EEE312 /* Controllers */ = {
			isa = PBXGroup;
			children = (
				DC7297AD1CA8ED7300EEE312 /* ViewController.h */,
				DC7297AE1CA8ED7300EEE312 /* ViewController.m */,
			);
			name = Controllers;
			sourceTree = "<group>";
		};
		DC7297C11CA8ED9300EEE312 /* Utils */ = {
			isa = PBXGroup;
			children = (
				DC7297D21CA9038C00EEE312 /* CSV.h */,
				DC7297D31CA9038C00EEE312 /* CSV.m */,
				DC7297D81CA9451B00EEE312 /* NSArray.h */,
				DC7297D91CA9451B00EEE312 /* NSArray.m */,
			);
			name = Utils;
			sourceTree = "<group>";
		};
		DC7297C21CA8EE9700EEE312 /* Resources */ = {
			isa = PBXGroup;
			children = (
				DC7297C51CA8EF0400EEE312 /* music.mp3 */,
				DC7297C61CA8EF0400EEE312 /* pokemon.ttf */,
				DC7297C31CA8EEAC00EEE312 /* pokemon.csv */,
			);
			name = Resources;
			sourceTree = "<group>";
		};
/* End PBXGroup section */

/* Begin PBXNativeTarget section */
		DC7297A31CA8ED7300EEE312 /* ios-objC-pokedex */ = {
			isa = PBXNativeTarget;
			buildConfigurationList = DC7297BB1CA8ED7300EEE312 /* Build configuration list for PBXNativeTarget "ios-objC-pokedex" */;
			buildPhases = (
				DC7297A01CA8ED7300EEE312 /* Sources */,
				DC7297A11CA8ED7300EEE312 /* Frameworks */,
				DC7297A21CA8ED7300EEE312 /* Resources */,
			);
			buildRules = (
			);
			dependencies = (
			);
			name = "ios-objC-pokedex";
			productName = "ios-objC-pokedex";
			productReference = DC7297A41CA8ED7300EEE312 /* ios-objC-pokedex.app */;
			productType = "com.apple.product-type.application";
		};
/* End PBXNativeTarget section */

/* Begin PBXProject section */
		DC72979C1CA8ED7300EEE312 /* Project object */ = {
			isa = PBXProject;
			attributes = {
				LastUpgradeCheck = 0730;
				ORGANIZATIONNAME = Kersuzan;
				TargetAttributes = {
					DC7297A31CA8ED7300EEE312 = {
						CreatedOnToolsVersion = 7.3;
					};
				};
			};
			buildConfigurationList = DC72979F1CA8ED7300EEE312 /* Build configuration list for PBXProject "ios-objC-pokedex" */;
			compatibilityVersion = "Xcode 3.2";
			developmentRegion = English;
			hasScannedForEncodings = 0;
			knownRegions = (
				en,
				Base,
			);
			mainGroup = DC72979B1CA8ED7300EEE312;
			productRefGroup = DC7297A51CA8ED7300EEE312 /* Products */;
			projectDirPath = "";
			projectRoot = "";
			targets = (
				DC7297A31CA8ED7300EEE312 /* ios-objC-pokedex */,
			);
		};
/* End PBXProject section */

/* Begin PBXResourcesBuildPhase section */
		DC7297A21CA8ED7300EEE312 /* Resources */ = {
			isa = PBXResourcesBuildPhase;
			buildActionMask = 2147483647;
			files = (
				DC7297C71CA8EF0400EEE312 /* music.mp3 in Resources */,
				DC7297B71CA8ED7300EEE312 /* LaunchScreen.storyboard in Resources */,
				DC7297B41CA8ED7300EEE312 /* Assets.xcassets in Resources */,
				DC7297C41CA8EEAC00EEE312 /* pokemon.csv in Resources */,
				DC7297C81CA8EF0400EEE312 /* pokemon.ttf in Resources */,
				DC7297B21CA8ED7300EEE312 /* Main.storyboard in Resources */,
			);
			runOnlyForDeploymentPostprocessing = 0;
		};
/* End PBXResourcesBuildPhase section */

/* Begin PBXSourcesBuildPhase section */
		DC7297A01CA8ED7300EEE312 /* Sources */ = {
			isa = PBXSourcesBuildPhase;
			buildActionMask = 2147483647;
			files = (
				DC7297D41CA9038C00EEE312 /* CSV.m in Sources */,
				DC7297DA1CA9451B00EEE312 /* NSArray.m in Sources */,
				DC7297CE1CA8F6F200EEE312 /* PokeCell.m in Sources */,
				DC7297AF1CA8ED7300EEE312 /* ViewController.m in Sources */,
				DC7297CB1CA8EF6200EEE312 /* Pokemon.m in Sources */,
				DC7297AC1CA8ED7300EEE312 /* AppDelegate.m in Sources */,
				DC7297A91CA8ED7300EEE312 /* main.m in Sources */,
			);
			runOnlyForDeploymentPostprocessing = 0;
		};
/* End PBXSourcesBuildPhase section */

/* Begin PBXVariantGroup section */
		DC7297B01CA8ED7300EEE312 /* Main.storyboard */ = {
			isa = PBXVariantGroup;
			children = (
				DC7297B11CA8ED7300EEE312 /* Base */,
			);
			name = Main.storyboard;
			sourceTree = "<group>";
		};
		DC7297B51CA8ED7300EEE312 /* LaunchScreen.storyboard */ = {
			isa = PBXVariantGroup;
			children = (
				DC7297B61CA8ED7300EEE312 /* Base */,
			);
			name = LaunchScreen.storyboard;
			sourceTree = "<group>";
		};
/* End PBXVariantGroup section */

/* Begin XCBuildConfiguration section */
		DC7297B91CA8ED7300EEE312 /* Debug */ = {
			isa = XCBuildConfiguration;
			buildSettings = {
				ALWAYS_SEARCH_USER_PATHS = NO;
				CLANG_ANALYZER_NONNULL = YES;
				CLANG_CXX_LANGUAGE_STANDARD = "gnu++0x";
				CLANG_CXX_LIBRARY = "libc++";
				CLANG_ENABLE_MODULES = YES;
				CLANG_ENABLE_OBJC_ARC = YES;
				CLANG_WARN_BOOL_CONVERSION = YES;
				CLANG_WARN_CONSTANT_CONVERSION = YES;
				CLANG_WARN_DIRECT_OBJC_ISA_USAGE = YES_ERROR;
				CLANG_WARN_EMPTY_BODY = YES;
				CLANG_WARN_ENUM_CONVERSION = YES;
				CLANG_WARN_INT_CONVERSION = YES;
				CLANG_WARN_OBJC_ROOT_CLASS = YES_ERROR;
				CLANG_WARN_UNREACHABLE_CODE = YES;
				CLANG_WARN__DUPLICATE_METHOD_MATCH = YES;
				"CODE_SIGN_IDENTITY[sdk=iphoneos*]" = "iPhone Developer";
				COPY_PHASE_STRIP = NO;
				DEBUG_INFORMATION_FORMAT = dwarf;
				ENABLE_STRICT_OBJC_MSGSEND = YES;
				ENABLE_TESTABILITY = YES;
				GCC_C_LANGUAGE_STANDARD = gnu99;
				GCC_DYNAMIC_NO_PIC = NO;
				GCC_NO_COMMON_BLOCKS = YES;
				GCC_OPTIMIZATION_LEVEL = 0;
				GCC_PREPROCESSOR_DEFINITIONS = (
					"DEBUG=1",
					"$(inherited)",
				);
				GCC_WARN_64_TO_32_BIT_CONVERSION = YES;
				GCC_WARN_ABOUT_RETURN_TYPE = YES_ERROR;
				GCC_WARN_UNDECLARED_SELECTOR = YES;
				GCC_WARN_UNINITIALIZED_AUTOS = YES_AGGRESSIVE;
				GCC_WARN_UNUSED_FUNCTION = YES;
				GCC_WARN_UNUSED_VARIABLE = YES;
				IPHONEOS_DEPLOYMENT_TARGET = 9.3;
				MTL_ENABLE_DEBUG_INFO = YES;
				ONLY_ACTIVE_ARCH = YES;
				SDKROOT = iphoneos;
				TARGETED_DEVICE_FAMILY = "1,2";
			};
			name = Debug;
		};
		DC7297BA1CA8ED7300EEE312 /* Release */ = {
			isa = XCBuildConfiguration;
			buildSettings = {
				ALWAYS_SEARCH_USER_PATHS = NO;
				CLANG_ANALYZER_NONNULL = YES;
				CLANG_CXX_LANGUAGE_STANDARD = "gnu++0x";
				CLANG_CXX_LIBRARY = "libc++";
				CLANG_ENABLE_MODULES = YES;
				CLANG_ENABLE_OBJC_ARC = YES;
				CLANG_WARN_BOOL_CONVERSION = YES;
				CLANG_WARN_CONSTANT_CONVERSION = YES;
				CLANG_WARN_DIRECT_OBJC_ISA_USAGE = YES_ERROR;
				CLANG_WARN_EMPTY_BODY = YES;
				CLANG_WARN_ENUM_CONVERSION = YES;
				CLANG_WARN_INT_CONVERSION = YES;
				CLANG_WARN_OBJC_ROOT_CLASS = YES_ERROR;
				CLANG_WARN_UNREACHABLE_CODE = YES;
				CLANG_WARN__DUPLICATE_METHOD_MATCH = YES;
				"CODE_SIGN_IDENTITY[sdk=iphoneos*]" = "iPhone Developer";
				COPY_PHASE_STRIP = NO;
				DEBUG_INFORMATION_FORMAT = "dwarf-with-dsym";
				ENABLE_NS_ASSERTIONS = NO;
				ENABLE_STRICT_OBJC_MSGSEND = YES;
				GCC_C_LANGUAGE_STANDARD = gnu99;
				GCC_NO_COMMON_BLOCKS = YES;
				GCC_WARN_64_TO_32_BIT_CONVERSION = YES;
				GCC_WARN_ABOUT_RETURN_TYPE = YES_ERROR;
				GCC_WARN_UNDECLARED_SELECTOR = YES;
				GCC_WARN_UNINITIALIZED_AUTOS = YES_AGGRESSIVE;
				GCC_WARN_UNUSED_FUNCTION = YES;
				GCC_WARN_UNUSED_VARIABLE = YES;
				IPHONEOS_DEPLOYMENT_TARGET = 9.3;
				MTL_ENABLE_DEBUG_INFO = NO;
				SDKROOT = iphoneos;
				TARGETED_DEVICE_FAMILY = "1,2";
				VALIDATE_PRODUCT = YES;
			};
			name = Release;
		};
		DC7297BC1CA8ED7300EEE312 /* Debug */ = {
			isa = XCBuildConfiguration;
			buildSettings = {
				ASSETCATALOG_COMPILER_APPICON_NAME = AppIcon;
				INFOPLIST_FILE = "ios-objC-pokedex/Info.plist";
				IPHONEOS_DEPLOYMENT_TARGET = 9.0;
				LD_RUNPATH_SEARCH_PATHS = "$(inherited) @executable_path/Frameworks";
				PRODUCT_BUNDLE_IDENTIFIER = "com.kersuzan.ios-objC-pokedex";
				PRODUCT_NAME = "$(TARGET_NAME)";
			};
			name = Debug;
		};
		DC7297BD1CA8ED7300EEE312 /* Release */ = {
			isa = XCBuildConfiguration;
			buildSettings = {
				ASSETCATALOG_COMPILER_APPICON_NAME = AppIcon;
				INFOPLIST_FILE = "ios-objC-pokedex/Info.plist";
				IPHONEOS_DEPLOYMENT_TARGET = 9.0;
				LD_RUNPATH_SEARCH_PATHS = "$(inherited) @executable_path/Frameworks";
				PRODUCT_BUNDLE_IDENTIFIER = "com.kersuzan.ios-objC-pokedex";
				PRODUCT_NAME = "$(TARGET_NAME)";
			};
			name = Release;
		};
/* End XCBuildConfiguration section */

/* Begin XCConfigurationList section */
		DC72979F1CA8ED7300EEE312 /* Build configuration list for PBXProject "ios-objC-pokedex" */ = {
			isa = XCConfigurationList;
			buildConfigurations = (
				DC7297B91CA8ED7300EEE312 /* Debug */,
				DC7297BA1CA8ED7300EEE312 /* Release */,
			);
			defaultConfigurationIsVisible = 0;
			defaultConfigurationName = Release;
		};
		DC7297BB1CA8ED7300EEE312 /* Build configuration list for PBXNativeTarget "ios-objC-pokedex" */ = {
			isa = XCConfigurationList;
			buildConfigurations = (
				DC7297BC1CA8ED7300EEE312 /* Debug */,
				DC7297BD1CA8ED7300EEE312 /* Release */,
			);
			defaultConfigurationIsVisible = 0;
		};
/* End XCConfigurationList section */
	};
	rootObject = DC72979C1CA8ED7300EEE312 /* Project object */;
}
